
Microsoft Visual Studio Solution File, Format Version 10.00
# Visual Studio 2008
Project("{2150E333-8FDC-42A3-9474-1A3956D46DE8}") = "Registration Algorithms", "Registration Algorithms", "{CA14ACFD-4CBD-41C1-88F5-4045106713B1}"
EndProject
Project("{8BC9CEB8-8B4A-11D0-8D11-00A0C91BC942}") = "OPIRALibrary", "OpiraLibrary\OpiraLibrary.vcproj", "{49D3FD53-2280-4E86-9E9D-57B33D810116}"
EndProject
Project("{8BC9CEB8-8B4A-11D0-8D11-00A0C91BC942}") = "OCVSurf", "RegistrationAlgorithms\OCVSurf\OCVSurf.vcproj", "{E2021A1C-16C4-40EE-A8EE-3B7928EBA3F8}"
	ProjectSection(ProjectDependencies) = postProject
		{49D3FD53-2280-4E86-9E9D-57B33D810116} = {49D3FD53-2280-4E86-9E9D-57B33D810116}
	EndProjectSection
EndProject
Project("{8BC9CEB8-8B4A-11D0-8D11-00A0C91BC942}") = "SimpleTest", "Examples\SimpleTest\SimpleTest.vcproj", "{7B0ED18E-833A-4F89-8F40-14654E3CA652}"
	ProjectSection(ProjectDependencies) = postProject
		{F668C713-352C-4589-BE75-63F2ECEB4F01} = {F668C713-352C-4589-BE75-63F2ECEB4F01}
		{E2021A1C-16C4-40EE-A8EE-3B7928EBA3F8} = {E2021A1C-16C4-40EE-A8EE-3B7928EBA3F8}
		{427F7E3D-942D-405C-944C-51ED46B7688C} = {427F7E3D-942D-405C-944C-51ED46B7688C}
		{49D3FD53-2280-4E86-9E9D-57B33D810116} = {49D3FD53-2280-4E86-9E9D-57B33D810116}
		{C8319C87-2A8F-458B-8722-2F3D1CC8B475} = {C8319C87-2A8F-458B-8722-2F3D1CC8B475}
	EndProjectSection
EndProject
Project("{2150E333-8FDC-42A3-9474-1A3956D46DE8}") = "Examples", "Examples", "{2542F922-652F-4047-926C-02F7BC101FAC}"
EndProject
Project("{8BC9CEB8-8B4A-11D0-8D11-00A0C91BC942}") = "OCVGPUSurf", "RegistrationAlgorithms\OCVGPUSurf\OCVGPUSurf.vcproj", "{427F7E3D-942D-405C-944C-51ED46B7688C}"
	ProjectSection(ProjectDependencies) = postProject
		{C8319C87-2A8F-458B-8722-2F3D1CC8B475} = {C8319C87-2A8F-458B-8722-2F3D1CC8B475}
	EndProjectSection
EndProject
Project("{8BC9CEB8-8B4A-11D0-8D11-00A0C91BC942}") = "OPIRALibraryGPU", "OPIRALibraryGPU\OPIRALibraryGPU.vcproj", "{C8319C87-2A8F-458B-8722-2F3D1CC8B475}"
EndProject
Project("{8BC9CEB8-8B4A-11D0-8D11-00A0C91BC942}") = "OPIRALibraryMT", "OpiraLibraryMT\OpiraLibraryMT.vcproj", "{F668C713-352C-4589-BE75-63F2ECEB4F01}"
EndProject
Project("{8BC9CEB8-8B4A-11D0-8D11-00A0C91BC942}") = "OSGOPIRA", "Examples\OSGOPIRA2\OSGOPIRA.vcproj", "{FEB42911-D28D-404C-A8BB-F8A4892C7F73}"
EndProject
Global
	GlobalSection(SolutionConfigurationPlatforms) = preSolution
		Debug|Win32 = Debug|Win32
		Release|Win32 = Release|Win32
	EndGlobalSection
	GlobalSection(ProjectConfigurationPlatforms) = postSolution
		{49D3FD53-2280-4E86-9E9D-57B33D810116}.Debug|Win32.ActiveCfg = Debug|Win32
		{49D3FD53-2280-4E86-9E9D-57B33D810116}.Debug|Win32.Build.0 = Debug|Win32
		{49D3FD53-2280-4E86-9E9D-57B33D810116}.Release|Win32.ActiveCfg = Release|Win32
		{49D3FD53-2280-4E86-9E9D-57B33D810116}.Release|Win32.Build.0 = Release|Win32
		{E2021A1C-16C4-40EE-A8EE-3B7928EBA3F8}.Debug|Win32.ActiveCfg = Debug|Win32
		{E2021A1C-16C4-40EE-A8EE-3B7928EBA3F8}.Debug|Win32.Build.0 = Debug|Win32
		{E2021A1C-16C4-40EE-A8EE-3B7928EBA3F8}.Release|Win32.ActiveCfg = Release|Win32
		{E2021A1C-16C4-40EE-A8EE-3B7928EBA3F8}.Release|Win32.Build.0 = Release|Win32
		{7B0ED18E-833A-4F89-8F40-14654E3CA652}.Debug|Win32.ActiveCfg = Debug|Win32
		{7B0ED18E-833A-4F89-8F40-14654E3CA652}.Debug|Win32.Build.0 = Debug|Win32
		{7B0ED18E-833A-4F89-8F40-14654E3CA652}.Release|Win32.ActiveCfg = Release|Win32
		{7B0ED18E-833A-4F89-8F40-14654E3CA652}.Release|Win32.Build.0 = Release|Win32
		{427F7E3D-942D-405C-944C-51ED46B7688C}.Debug|Win32.ActiveCfg = Debug|Win32
		{427F7E3D-942D-405C-944C-51ED46B7688C}.Debug|Win32.Build.0 = Debug|Win32
		{427F7E3D-942D-405C-944C-51ED46B7688C}.Release|Win32.ActiveCfg = Release|Win32
		{427F7E3D-942D-405C-944C-51ED46B7688C}.Release|Win32.Build.0 = Release|Win32
		{C8319C87-2A8F-458B-8722-2F3D1CC8B475}.Debug|Win32.ActiveCfg = Debug|Win32
		{C8319C87-2A8F-458B-8722-2F3D1CC8B475}.Debug|Win32.Build.0 = Debug|Win32
		{C8319C87-2A8F-458B-8722-2F3D1CC8B475}.Release|Win32.ActiveCfg = Release|Win32
		{C8319C87-2A8F-458B-8722-2F3D1CC8B475}.Release|Win32.Build.0 = Release|Win32
		{F668C713-352C-4589-BE75-63F2ECEB4F01}.Debug|Win32.ActiveCfg = Debug|Win32
		{F668C713-352C-4589-BE75-63F2ECEB4F01}.Debug|Win32.Build.0 = Debug|Win32
		{F668C713-352C-4589-BE75-63F2ECEB4F01}.Release|Win32.ActiveCfg = Release|Win32
		{F668C713-352C-4589-BE75-63F2ECEB4F01}.Release|Win32.Build.0 = Release|Win32
		{FEB42911-D28D-404C-A8BB-F8A4892C7F73}.Debug|Win32.ActiveCfg = Debug|Win32
		{FEB42911-D28D-404C-A8BB-F8A4892C7F73}.Debug|Win32.Build.0 = Debug|Win32
		{FEB42911-D28D-404C-A8BB-F8A4892C7F73}.Release|Win32.ActiveCfg = Release|Win32
		{FEB42911-D28D-404C-A8BB-F8A4892C7F73}.Release|Win32.Build.0 = Release|Win32
	EndGlobalSection
	GlobalSection(SolutionProperties) = preSolution
		HideSolutionNode = FALSE
	EndGlobalSection
	GlobalSection(NestedProjects) = preSolution
		{E2021A1C-16C4-40EE-A8EE-3B7928EBA3F8} = {CA14ACFD-4CBD-41C1-88F5-4045106713B1}
		{427F7E3D-942D-405C-944C-51ED46B7688C} = {CA14ACFD-4CBD-41C1-88F5-4045106713B1}
		{7B0ED18E-833A-4F89-8F40-14654E3CA652} = {2542F922-652F-4047-926C-02F7BC101FAC}
		{FEB42911-D28D-404C-A8BB-F8A4892C7F73} = {2542F922-652F-4047-926C-02F7BC101FAC}
	EndGlobalSection
EndGlobal
